
Microsoft Visual Studio Solution File, Format Version 12.00
# Visual Studio 15
VisualStudioVersion = 15.0.27130.0
MinimumVisualStudioVersion = 10.0.40219.1
Project("{F2A71F9B-5D33-465A-A702-920D77279786}") = "AdventOfCode2017", "AdventOfCode2017\AdventOfCode2017.fsproj", "{D3555943-8102-43D1-B3CB-570A4E4EC513}"
EndProject
Project("{2150E333-8FDC-42A3-9474-1A3956D46DE8}") = "Solution Items", "Solution Items", "{FC90868D-FFDD-468C-9F0C-3A27EC657C0E}"
	ProjectSection(SolutionItems) = preProject
		.gitignore = .gitignore
		LICENSE = LICENSE
	EndProjectSection
EndProject
Project("{F2A71F9B-5D33-465A-A702-920D77279786}") = "Tests", "Tests\Tests.fsproj", "{238BFFBE-E2D4-4DC4-804C-6E43205E4701}"
EndProject
Global
	GlobalSection(Performance) = preSolution
		HasPerformanceSessions = true
	EndGlobalSection
	GlobalSection(SolutionConfigurationPlatforms) = preSolution
		Debug|Any CPU = Debug|Any CPU
		Release|Any CPU = Release|Any CPU
	EndGlobalSection
	GlobalSection(ProjectConfigurationPlatforms) = postSolution
		{D3555943-8102-43D1-B3CB-570A4E4EC513}.Debug|Any CPU.ActiveCfg = Debug|Any CPU
		{D3555943-8102-43D1-B3CB-570A4E4EC513}.Debug|Any CPU.Build.0 = Debug|Any CPU
		{D3555943-8102-43D1-B3CB-570A4E4EC513}.Release|Any CPU.ActiveCfg = Release|Any CPU
		{D3555943-8102-43D1-B3CB-570A4E4EC513}.Release|Any CPU.Build.0 = Release|Any CPU
		{238BFFBE-E2D4-4DC4-804C-6E43205E4701}.Debug|Any CPU.ActiveCfg = Debug|Any CPU
		{238BFFBE-E2D4-4DC4-804C-6E43205E4701}.Debug|Any CPU.Build.0 = Debug|Any CPU
		{238BFFBE-E2D4-4DC4-804C-6E43205E4701}.Release|Any CPU.ActiveCfg = Release|Any CPU
		{238BFFBE-E2D4-4DC4-804C-6E43205E4701}.Release|Any CPU.Build.0 = Release|Any CPU
	EndGlobalSection
	GlobalSection(SolutionProperties) = preSolution
		HideSolutionNode = FALSE
	EndGlobalSection
	GlobalSection(ExtensibilityGlobals) = postSolution
		SolutionGuid = {1DAC18E9-E52B-45B9-AB96-686277B1EB81}
	EndGlobalSection
	GlobalSection(Performance) = preSolution
		HasPerformanceSessions = true
	EndGlobalSection
	GlobalSection(Performance) = preSolution
		HasPerformanceSessions = true
	EndGlobalSection
EndGlobal
