
Microsoft Visual Studio Solution File, Format Version 12.00
# Visual Studio 15
VisualStudioVersion = 15.0.27004.2010
MinimumVisualStudioVersion = 10.0.40219.1
Project("{F2A71F9B-5D33-465A-A702-920D77279786}") = "AdventOfCode2017", "AdventOfCode2017\AdventOfCode2017.fsproj", "{D3555943-8102-43D1-B3CB-570A4E4EC513}"
EndProject
Global
	GlobalSection(SolutionConfigurationPlatforms) = preSolution
		Debug|Any CPU = Debug|Any CPU
		Release|Any CPU = Release|Any CPU
	EndGlobalSection
	GlobalSection(ProjectConfigurationPlatforms) = postSolution
		{D3555943-8102-43D1-B3CB-570A4E4EC513}.Debug|Any CPU.ActiveCfg = Debug|Any CPU
		{D3555943-8102-43D1-B3CB-570A4E4EC513}.Debug|Any CPU.Build.0 = Debug|Any CPU
		{D3555943-8102-43D1-B3CB-570A4E4EC513}.Release|Any CPU.ActiveCfg = Release|Any CPU
		{D3555943-8102-43D1-B3CB-570A4E4EC513}.Release|Any CPU.Build.0 = Release|Any CPU
	EndGlobalSection
	GlobalSection(SolutionProperties) = preSolution
		HideSolutionNode = FALSE
	EndGlobalSection
	GlobalSection(ExtensibilityGlobals) = postSolution
		SolutionGuid = {1DAC18E9-E52B-45B9-AB96-686277B1EB81}
	EndGlobalSection
EndGlobal
